#
# This file is autogenerated by pip-compile with Python 3.13
# by the following command:
#
#    pip-compile --extra=dev --output-file=requirements-dev.lock --strip-extras pyproject.toml
#
amqp==5.3.1
    # via kombu
asgiref==3.11.1
    # via
    #   django
    #   django-cors-headers
billiard==4.2.4
    # via celery
boolean-py==5.0
    # via license-expression
build==1.5.0
    # via pip-tools
cachecontrol==0.14.4
    # via
    #   cachecontrol
    #   pip-audit
celery==5.5.3
    # via foodapp (pyproject.toml)
certifi==2026.6.17
    # via
    #   requests
    #   sentry-sdk
cffi==2.0.0
    # via cryptography
charset-normalizer==3.4.7
    # via requests
click==8.4.2
    # via
    #   celery
    #   click-didyoumean
    #   click-plugins
    #   click-repl
    #   pip-tools
click-didyoumean==0.3.1
    # via celery
click-plugins==1.1.1.2
    # via celery
click-repl==0.3.0
    # via celery
coverage==7.9.1
    # via foodapp (pyproject.toml)
cryptography==48.0.1
    # via foodapp (pyproject.toml)
cyclonedx-python-lib==11.11.0
    # via pip-audit
defusedxml==0.7.1
    # via py-serializable
dj-database-url==3.1.2
    # via foodapp (pyproject.toml)
django==5.2.15
    # via
    #   dj-database-url
    #   django-anymail
    #   django-cors-headers
    #   django-stubs
    #   django-stubs-ext
    #   djangorestframework
    #   foodapp (pyproject.toml)
    #   sentry-sdk
django-anymail==13.0
    # via foodapp (pyproject.toml)
django-cors-headers==4.7.0
    # via foodapp (pyproject.toml)
django-environ==0.12.0
    # via foodapp (pyproject.toml)
django-stubs==5.2.1
    # via foodapp (pyproject.toml)
django-stubs-ext==6.0.6
    # via django-stubs
djangorestframework==3.16.0
    # via foodapp (pyproject.toml)
filelock==3.29.4
    # via cachecontrol
gunicorn==25.1.0
    # via foodapp (pyproject.toml)
idna==3.15
    # via
    #   foodapp (pyproject.toml)
    #   requests
kombu==5.5.4
    # via celery
license-expression==30.4.4
    # via cyclonedx-python-lib
markdown-it-py==4.2.0
    # via rich
mdurl==0.1.2
    # via markdown-it-py
msgpack==1.2.1
    # via cachecontrol
mypy==1.16.1
    # via
    #   django-stubs
    #   foodapp (pyproject.toml)
mypy-extensions==1.1.0
    # via mypy
packageurl-python==0.17.6
    # via cyclonedx-python-lib
packaging==26.2
    # via
    #   build
    #   gunicorn
    #   kombu
    #   pip-audit
    #   pip-requirements-parser
    #   wheel
pathspec==1.1.1
    # via mypy
pip-api==0.0.34
    # via pip-audit
pip-audit==2.10.1
    # via foodapp (pyproject.toml)
pip-requirements-parser==32.0.1
    # via pip-audit
pip-tools==7.5.3
    # via foodapp (pyproject.toml)
platformdirs==4.10.0
    # via pip-audit
prompt-toolkit==3.0.52
    # via click-repl
psycopg==3.2.9
    # via foodapp (pyproject.toml)
psycopg-binary==3.2.9
    # via psycopg
py-serializable==2.1.0
    # via cyclonedx-python-lib
pycparser==3.0
    # via cffi
pygments==2.20.0
    # via rich
pyparsing==3.3.2
    # via pip-requirements-parser
pyproject-hooks==1.2.0
    # via
    #   build
    #   pip-tools
python-dateutil==2.9.0.post0
    # via celery
python-json-logger==3.3.0
    # via foodapp (pyproject.toml)
redis==5.2.1
    # via kombu
requests==2.33.0
    # via
    #   cachecontrol
    #   django-anymail
    #   foodapp (pyproject.toml)
    #   pip-audit
    #   stripe
rich==15.0.0
    # via pip-audit
ruff==0.12.0
    # via foodapp (pyproject.toml)
sentry-sdk==2.30.0
    # via foodapp (pyproject.toml)
six==1.17.0
    # via python-dateutil
sortedcontainers==2.4.0
    # via cyclonedx-python-lib
sqlparse==0.5.4
    # via
    #   django
    #   foodapp (pyproject.toml)
stripe==12.4.0
    # via foodapp (pyproject.toml)
tomli==2.4.1
    # via pip-audit
tomli-w==1.2.0
    # via pip-audit
types-pyyaml==6.0.12.20260518
    # via django-stubs
typing-extensions==4.15.0
    # via
    #   django-stubs
    #   django-stubs-ext
    #   mypy
    #   stripe
tzdata==2026.2
    # via kombu
urllib3==2.7.0
    # via
    #   django-anymail
    #   foodapp (pyproject.toml)
    #   requests
    #   sentry-sdk
vine==5.1.0
    # via
    #   amqp
    #   celery
    #   kombu
wcwidth==0.8.2
    # via prompt-toolkit
wheel==0.47.0
    # via pip-tools
whitenoise==6.11.0
    # via foodapp (pyproject.toml)

# The following packages are considered to be unsafe in a requirements file:
# pip
# setuptools
