#
# This file is autogenerated by pip-compile with Python 3.13
# by the following command:
#
#    pip-compile --output-file=requirements.lock --strip-extras pyproject.toml
#
amqp==5.3.1
    # via kombu
asgiref==3.11.1
    # via
    #   django
    #   django-cors-headers
billiard==4.2.4
    # via celery
celery==5.5.3
    # via foodapp (pyproject.toml)
certifi==2026.6.17
    # via
    #   requests
    #   sentry-sdk
cffi==2.0.0
    # via cryptography
charset-normalizer==3.4.7
    # via requests
click==8.4.2
    # via
    #   celery
    #   click-didyoumean
    #   click-plugins
    #   click-repl
click-didyoumean==0.3.1
    # via celery
click-plugins==1.1.1.2
    # via celery
click-repl==0.3.0
    # via celery
cryptography==48.0.1
    # via foodapp (pyproject.toml)
dj-database-url==3.1.2
    # via foodapp (pyproject.toml)
django==5.2.15
    # via
    #   dj-database-url
    #   django-anymail
    #   django-cors-headers
    #   djangorestframework
    #   foodapp (pyproject.toml)
    #   sentry-sdk
django-anymail==13.0
    # via foodapp (pyproject.toml)
django-cors-headers==4.7.0
    # via foodapp (pyproject.toml)
django-environ==0.12.0
    # via foodapp (pyproject.toml)
djangorestframework==3.16.0
    # via foodapp (pyproject.toml)
gunicorn==25.1.0
    # via foodapp (pyproject.toml)
idna==3.15
    # via
    #   foodapp (pyproject.toml)
    #   requests
kombu==5.5.4
    # via celery
packaging==26.2
    # via
    #   gunicorn
    #   kombu
prompt-toolkit==3.0.52
    # via click-repl
psycopg==3.2.9
    # via foodapp (pyproject.toml)
psycopg-binary==3.2.9
    # via psycopg
pycparser==3.0
    # via cffi
python-dateutil==2.9.0.post0
    # via celery
python-json-logger==3.3.0
    # via foodapp (pyproject.toml)
redis==5.2.1
    # via kombu
requests==2.33.0
    # via
    #   django-anymail
    #   foodapp (pyproject.toml)
    #   stripe
sentry-sdk==2.30.0
    # via foodapp (pyproject.toml)
six==1.17.0
    # via python-dateutil
sqlparse==0.5.4
    # via
    #   django
    #   foodapp (pyproject.toml)
stripe==12.4.0
    # via foodapp (pyproject.toml)
typing-extensions==4.15.0
    # via stripe
tzdata==2026.2
    # via kombu
urllib3==2.7.0
    # via
    #   django-anymail
    #   foodapp (pyproject.toml)
    #   requests
    #   sentry-sdk
vine==5.1.0
    # via
    #   amqp
    #   celery
    #   kombu
wcwidth==0.8.2
    # via prompt-toolkit
whitenoise==6.11.0
    # via foodapp (pyproject.toml)
